
Microsoft Visual Studio Solution File, Format Version 12.00
# Visual Studio Version 17
VisualStudioVersion = 17.11.35312.102
MinimumVisualStudioVersion = 10.0.40219.1
Project("{2150E333-8FDC-42A3-9474-1A3956D46DE8}") = "Task0", "Task0", "{F990D115-D6E0-4650-93D2-C50902372326}"
EndProject
Project("{9A19103F-16F7-4668-BE54-9A1E7A4F7556}") = "Tyuiu.AlshinAF.Sprint2.Task0.V20.Test", "Tyuiu.AlshinAF.Sprint2.Task0.V20.Test\Tyuiu.AlshinAF.Sprint2.Task0.V20.Test.csproj", "{234B3948-8D65-40EE-A60E-B61EB3228C75}"
EndProject
Project("{9A19103F-16F7-4668-BE54-9A1E7A4F7556}") = "Tyuiu.AlshinAF.Sprint2.Task0.V20.Lib", "Tyuiu.AlshinAF.Sprint2.Task0.V20.Lib\Tyuiu.AlshinAF.Sprint2.Task0.V20.Lib.csproj", "{98345D18-341B-483F-9ED2-9527B862F0FE}"
EndProject
Project("{9A19103F-16F7-4668-BE54-9A1E7A4F7556}") = "Tyuiu.AlshinAF.Sprint2.Task0.V20", "Tyuiu.AlshinAF.Sprint2.Task0.V20\Tyuiu.AlshinAF.Sprint2.Task0.V20.csproj", "{75461831-42AB-4640-A64F-28A5FA4504AB}"
EndProject
Project("{2150E333-8FDC-42A3-9474-1A3956D46DE8}") = "Task1", "Task1", "{3ED6D6F6-08F5-47DF-9EBB-CA1A7E4C3A9C}"
EndProject
Project("{9A19103F-16F7-4668-BE54-9A1E7A4F7556}") = "Tyuiu.AlshinAF.Sprint2.Task1.V8", "Tyuiu.AlshinAF.Sprint2.Task1.V8\Tyuiu.AlshinAF.Sprint2.Task1.V8.csproj", "{AB17ADC0-6109-45CB-B32E-FD9B0BDA4B00}"
EndProject
Project("{9A19103F-16F7-4668-BE54-9A1E7A4F7556}") = "Tyuiu.AlshinAF.Sprint2.Task1.V8.Lib", "Tyuiu.AlshinAF.Sprint2.Task1.V8.Lib\Tyuiu.AlshinAF.Sprint2.Task1.V8.Lib.csproj", "{FEF02BD4-82C4-4DB1-8BD2-E5942D0E8EC9}"
EndProject
Project("{9A19103F-16F7-4668-BE54-9A1E7A4F7556}") = "Tyuiu.AlshinAF.Sprint2.Task1.V8.Test", "Tyuiu.AlshinAF.Sprint2.Task1.V8.Test\Tyuiu.AlshinAF.Sprint2.Task1.V8.Test.csproj", "{6D47C158-751A-4A1D-9269-E901E41EA71C}"
EndProject
Project("{2150E333-8FDC-42A3-9474-1A3956D46DE8}") = "Task2", "Task2", "{10DA19ED-9CB3-4114-A46B-3C7CA6C74D6C}"
EndProject
Project("{FAE04EC0-301F-11D3-BF4B-00C04F79EFBC}") = "Tyuiu.AlshinAF.Sprint2.Task2.V16.Lib", "Tyuiu.AlshinAF.Sprint2.Task2.V16.Lib\Tyuiu.AlshinAF.Sprint2.Task2.V16.Lib.csproj", "{56FF6ACD-942E-4025-AF03-C5F2139F9D9F}"
EndProject
Project("{FAE04EC0-301F-11D3-BF4B-00C04F79EFBC}") = "Tyuiu.AlshinAF.Sprint2.Task2.V16.Test", "Tyuiu.AlshinAF.Sprint2.Task2.V16.Test\Tyuiu.AlshinAF.Sprint2.Task2.V16.Test.csproj", "{1548C627-671D-4543-95F7-94BF112AD8DC}"
EndProject
Project("{FAE04EC0-301F-11D3-BF4B-00C04F79EFBC}") = "Tyuiu.AlshinAF.Sprint2.Task2.V16", "Tyuiu.AlshinAF.Sprint2.Task2.V16\Tyuiu.AlshinAF.Sprint2.Task2.V16.csproj", "{930F0E5D-50D3-4634-B21C-2D49ACA779DF}"
EndProject
Project("{2150E333-8FDC-42A3-9474-1A3956D46DE8}") = "Task3", "Task3", "{2F85EA21-D43D-4197-9A32-786A1A24140B}"
EndProject
Project("{FAE04EC0-301F-11D3-BF4B-00C04F79EFBC}") = "Tyuiu.AlshinAF.Sprint2.Task3.V14", "Tyuiu.AlshinAF.Sprint2.Task3.V14\Tyuiu.AlshinAF.Sprint2.Task3.V14.csproj", "{07138B1B-958A-4557-AAA5-074E60A5EE74}"
EndProject
Project("{FAE04EC0-301F-11D3-BF4B-00C04F79EFBC}") = "Tyuiu.AlshinAF.Sprint2.Task3.V14.Test", "Tyuiu.AlshinAF.Sprint2.Task3.V14.Test\Tyuiu.AlshinAF.Sprint2.Task3.V14.Test.csproj", "{688F090C-9D4D-4AF6-AF8C-B73415E75C6B}"
EndProject
Project("{FAE04EC0-301F-11D3-BF4B-00C04F79EFBC}") = "Tyuiu.AlshinAF.Sprint2.Task3.V14.Lib", "Tyuiu.AlshinAF.Sprint2.Task3.V14.Lib\Tyuiu.AlshinAF.Sprint2.Task3.V14.Lib.csproj", "{A51F8FCB-934B-4AF1-9368-6C19E2424845}"
EndProject
Project("{2150E333-8FDC-42A3-9474-1A3956D46DE8}") = "Task4", "Task4", "{D06AD971-6DB5-421D-850F-DB9912566E6F}"
EndProject
Project("{FAE04EC0-301F-11D3-BF4B-00C04F79EFBC}") = "Tyuiu.AlshinAF.Sprint2.Task4.V21.Lib", "Tyuiu.AlshinAF.Sprint2.Task4.V21.Lib\Tyuiu.AlshinAF.Sprint2.Task4.V21.Lib.csproj", "{C53505B2-9C63-4EC3-80D0-650949BCFBD3}"
EndProject
Project("{FAE04EC0-301F-11D3-BF4B-00C04F79EFBC}") = "Tyuiu.AlshinAF.Sprint2.Task4.V21.Test", "Tyuiu.AlshinAF.Sprint2.Task4.V21.Test\Tyuiu.AlshinAF.Sprint2.Task4.V21.Test.csproj", "{82C64FDD-B919-41B4-8EBD-F5536D88F3F2}"
EndProject
Project("{FAE04EC0-301F-11D3-BF4B-00C04F79EFBC}") = "Tyuiu.AlshinAF.Sprint2.Task4.V21", "Tyuiu.AlshinAF.Sprint2.Task4.V21\Tyuiu.AlshinAF.Sprint2.Task4.V21.csproj", "{D3BF540F-D590-4D9E-B97D-1510818C5D1C}"
EndProject
Project("{2150E333-8FDC-42A3-9474-1A3956D46DE8}") = "Task5", "Task5", "{E8FB3DE4-C296-492A-A933-5BE95908F50F}"
EndProject
Project("{FAE04EC0-301F-11D3-BF4B-00C04F79EFBC}") = "Tyuiu.AlshinAF.Sprint2.Task5.V9", "Tyuiu.AlshinAF.Sprint2.Task5.V9\Tyuiu.AlshinAF.Sprint2.Task5.V9.csproj", "{1C94AC6A-6ED3-4A88-AA0E-77D15CAA94F8}"
EndProject
Project("{FAE04EC0-301F-11D3-BF4B-00C04F79EFBC}") = "Tyuiu.AlshinAF.Sprint2.Task5.V9.Test", "Tyuiu.AlshinAF.Sprint2.Task5.V9.Test\Tyuiu.AlshinAF.Sprint2.Task5.V9.Test.csproj", "{AE74AAAE-34F9-4353-B502-200DDFCBE7CB}"
EndProject
Project("{FAE04EC0-301F-11D3-BF4B-00C04F79EFBC}") = "Tyuiu.AlshinAF.Sprint2.Task5.V9.Lib", "Tyuiu.AlshinAF.Sprint2.Task5.V9.Lib\Tyuiu.AlshinAF.Sprint2.Task5.V9.Lib.csproj", "{D8F5AD3A-74A4-4824-925B-31079CC01EFE}"
EndProject
Global
	GlobalSection(SolutionConfigurationPlatforms) = preSolution
		Debug|Any CPU = Debug|Any CPU
		Release|Any CPU = Release|Any CPU
	EndGlobalSection
	GlobalSection(ProjectConfigurationPlatforms) = postSolution
		{234B3948-8D65-40EE-A60E-B61EB3228C75}.Debug|Any CPU.ActiveCfg = Debug|Any CPU
		{234B3948-8D65-40EE-A60E-B61EB3228C75}.Debug|Any CPU.Build.0 = Debug|Any CPU
		{234B3948-8D65-40EE-A60E-B61EB3228C75}.Release|Any CPU.ActiveCfg = Release|Any CPU
		{234B3948-8D65-40EE-A60E-B61EB3228C75}.Release|Any CPU.Build.0 = Release|Any CPU
		{98345D18-341B-483F-9ED2-9527B862F0FE}.Debug|Any CPU.ActiveCfg = Debug|Any CPU
		{98345D18-341B-483F-9ED2-9527B862F0FE}.Debug|Any CPU.Build.0 = Debug|Any CPU
		{98345D18-341B-483F-9ED2-9527B862F0FE}.Release|Any CPU.ActiveCfg = Release|Any CPU
		{98345D18-341B-483F-9ED2-9527B862F0FE}.Release|Any CPU.Build.0 = Release|Any CPU
		{75461831-42AB-4640-A64F-28A5FA4504AB}.Debug|Any CPU.ActiveCfg = Debug|Any CPU
		{75461831-42AB-4640-A64F-28A5FA4504AB}.Debug|Any CPU.Build.0 = Debug|Any CPU
		{75461831-42AB-4640-A64F-28A5FA4504AB}.Release|Any CPU.ActiveCfg = Release|Any CPU
		{75461831-42AB-4640-A64F-28A5FA4504AB}.Release|Any CPU.Build.0 = Release|Any CPU
		{AB17ADC0-6109-45CB-B32E-FD9B0BDA4B00}.Debug|Any CPU.ActiveCfg = Debug|Any CPU
		{AB17ADC0-6109-45CB-B32E-FD9B0BDA4B00}.Debug|Any CPU.Build.0 = Debug|Any CPU
		{AB17ADC0-6109-45CB-B32E-FD9B0BDA4B00}.Release|Any CPU.ActiveCfg = Release|Any CPU
		{AB17ADC0-6109-45CB-B32E-FD9B0BDA4B00}.Release|Any CPU.Build.0 = Release|Any CPU
		{FEF02BD4-82C4-4DB1-8BD2-E5942D0E8EC9}.Debug|Any CPU.ActiveCfg = Debug|Any CPU
		{FEF02BD4-82C4-4DB1-8BD2-E5942D0E8EC9}.Debug|Any CPU.Build.0 = Debug|Any CPU
		{FEF02BD4-82C4-4DB1-8BD2-E5942D0E8EC9}.Release|Any CPU.ActiveCfg = Release|Any CPU
		{FEF02BD4-82C4-4DB1-8BD2-E5942D0E8EC9}.Release|Any CPU.Build.0 = Release|Any CPU
		{6D47C158-751A-4A1D-9269-E901E41EA71C}.Debug|Any CPU.ActiveCfg = Debug|Any CPU
		{6D47C158-751A-4A1D-9269-E901E41EA71C}.Debug|Any CPU.Build.0 = Debug|Any CPU
		{6D47C158-751A-4A1D-9269-E901E41EA71C}.Release|Any CPU.ActiveCfg = Release|Any CPU
		{6D47C158-751A-4A1D-9269-E901E41EA71C}.Release|Any CPU.Build.0 = Release|Any CPU
		{56FF6ACD-942E-4025-AF03-C5F2139F9D9F}.Debug|Any CPU.ActiveCfg = Debug|Any CPU
		{56FF6ACD-942E-4025-AF03-C5F2139F9D9F}.Debug|Any CPU.Build.0 = Debug|Any CPU
		{56FF6ACD-942E-4025-AF03-C5F2139F9D9F}.Release|Any CPU.ActiveCfg = Release|Any CPU
		{56FF6ACD-942E-4025-AF03-C5F2139F9D9F}.Release|Any CPU.Build.0 = Release|Any CPU
		{1548C627-671D-4543-95F7-94BF112AD8DC}.Debug|Any CPU.ActiveCfg = Debug|Any CPU
		{1548C627-671D-4543-95F7-94BF112AD8DC}.Debug|Any CPU.Build.0 = Debug|Any CPU
		{1548C627-671D-4543-95F7-94BF112AD8DC}.Release|Any CPU.ActiveCfg = Release|Any CPU
		{1548C627-671D-4543-95F7-94BF112AD8DC}.Release|Any CPU.Build.0 = Release|Any CPU
		{930F0E5D-50D3-4634-B21C-2D49ACA779DF}.Debug|Any CPU.ActiveCfg = Debug|Any CPU
		{930F0E5D-50D3-4634-B21C-2D49ACA779DF}.Debug|Any CPU.Build.0 = Debug|Any CPU
		{930F0E5D-50D3-4634-B21C-2D49ACA779DF}.Release|Any CPU.ActiveCfg = Release|Any CPU
		{930F0E5D-50D3-4634-B21C-2D49ACA779DF}.Release|Any CPU.Build.0 = Release|Any CPU
		{07138B1B-958A-4557-AAA5-074E60A5EE74}.Debug|Any CPU.ActiveCfg = Debug|Any CPU
		{07138B1B-958A-4557-AAA5-074E60A5EE74}.Debug|Any CPU.Build.0 = Debug|Any CPU
		{07138B1B-958A-4557-AAA5-074E60A5EE74}.Release|Any CPU.ActiveCfg = Release|Any CPU
		{07138B1B-958A-4557-AAA5-074E60A5EE74}.Release|Any CPU.Build.0 = Release|Any CPU
		{688F090C-9D4D-4AF6-AF8C-B73415E75C6B}.Debug|Any CPU.ActiveCfg = Debug|Any CPU
		{688F090C-9D4D-4AF6-AF8C-B73415E75C6B}.Debug|Any CPU.Build.0 = Debug|Any CPU
		{688F090C-9D4D-4AF6-AF8C-B73415E75C6B}.Release|Any CPU.ActiveCfg = Release|Any CPU
		{688F090C-9D4D-4AF6-AF8C-B73415E75C6B}.Release|Any CPU.Build.0 = Release|Any CPU
		{A51F8FCB-934B-4AF1-9368-6C19E2424845}.Debug|Any CPU.ActiveCfg = Debug|Any CPU
		{A51F8FCB-934B-4AF1-9368-6C19E2424845}.Debug|Any CPU.Build.0 = Debug|Any CPU
		{A51F8FCB-934B-4AF1-9368-6C19E2424845}.Release|Any CPU.ActiveCfg = Release|Any CPU
		{A51F8FCB-934B-4AF1-9368-6C19E2424845}.Release|Any CPU.Build.0 = Release|Any CPU
		{C53505B2-9C63-4EC3-80D0-650949BCFBD3}.Debug|Any CPU.ActiveCfg = Debug|Any CPU
		{C53505B2-9C63-4EC3-80D0-650949BCFBD3}.Debug|Any CPU.Build.0 = Debug|Any CPU
		{C53505B2-9C63-4EC3-80D0-650949BCFBD3}.Release|Any CPU.ActiveCfg = Release|Any CPU
		{C53505B2-9C63-4EC3-80D0-650949BCFBD3}.Release|Any CPU.Build.0 = Release|Any CPU
		{82C64FDD-B919-41B4-8EBD-F5536D88F3F2}.Debug|Any CPU.ActiveCfg = Debug|Any CPU
		{82C64FDD-B919-41B4-8EBD-F5536D88F3F2}.Debug|Any CPU.Build.0 = Debug|Any CPU
		{82C64FDD-B919-41B4-8EBD-F5536D88F3F2}.Release|Any CPU.ActiveCfg = Release|Any CPU
		{82C64FDD-B919-41B4-8EBD-F5536D88F3F2}.Release|Any CPU.Build.0 = Release|Any CPU
		{D3BF540F-D590-4D9E-B97D-1510818C5D1C}.Debug|Any CPU.ActiveCfg = Debug|Any CPU
		{D3BF540F-D590-4D9E-B97D-1510818C5D1C}.Debug|Any CPU.Build.0 = Debug|Any CPU
		{D3BF540F-D590-4D9E-B97D-1510818C5D1C}.Release|Any CPU.ActiveCfg = Release|Any CPU
		{D3BF540F-D590-4D9E-B97D-1510818C5D1C}.Release|Any CPU.Build.0 = Release|Any CPU
		{1C94AC6A-6ED3-4A88-AA0E-77D15CAA94F8}.Debug|Any CPU.ActiveCfg = Debug|Any CPU
		{1C94AC6A-6ED3-4A88-AA0E-77D15CAA94F8}.Debug|Any CPU.Build.0 = Debug|Any CPU
		{1C94AC6A-6ED3-4A88-AA0E-77D15CAA94F8}.Release|Any CPU.ActiveCfg = Release|Any CPU
		{1C94AC6A-6ED3-4A88-AA0E-77D15CAA94F8}.Release|Any CPU.Build.0 = Release|Any CPU
		{AE74AAAE-34F9-4353-B502-200DDFCBE7CB}.Debug|Any CPU.ActiveCfg = Debug|Any CPU
		{AE74AAAE-34F9-4353-B502-200DDFCBE7CB}.Debug|Any CPU.Build.0 = Debug|Any CPU
		{AE74AAAE-34F9-4353-B502-200DDFCBE7CB}.Release|Any CPU.ActiveCfg = Release|Any CPU
		{AE74AAAE-34F9-4353-B502-200DDFCBE7CB}.Release|Any CPU.Build.0 = Release|Any CPU
		{D8F5AD3A-74A4-4824-925B-31079CC01EFE}.Debug|Any CPU.ActiveCfg = Debug|Any CPU
		{D8F5AD3A-74A4-4824-925B-31079CC01EFE}.Debug|Any CPU.Build.0 = Debug|Any CPU
		{D8F5AD3A-74A4-4824-925B-31079CC01EFE}.Release|Any CPU.ActiveCfg = Release|Any CPU
		{D8F5AD3A-74A4-4824-925B-31079CC01EFE}.Release|Any CPU.Build.0 = Release|Any CPU
	EndGlobalSection
	GlobalSection(SolutionProperties) = preSolution
		HideSolutionNode = FALSE
	EndGlobalSection
	GlobalSection(NestedProjects) = preSolution
		{234B3948-8D65-40EE-A60E-B61EB3228C75} = {F990D115-D6E0-4650-93D2-C50902372326}
		{98345D18-341B-483F-9ED2-9527B862F0FE} = {F990D115-D6E0-4650-93D2-C50902372326}
		{75461831-42AB-4640-A64F-28A5FA4504AB} = {F990D115-D6E0-4650-93D2-C50902372326}
		{AB17ADC0-6109-45CB-B32E-FD9B0BDA4B00} = {3ED6D6F6-08F5-47DF-9EBB-CA1A7E4C3A9C}
		{FEF02BD4-82C4-4DB1-8BD2-E5942D0E8EC9} = {3ED6D6F6-08F5-47DF-9EBB-CA1A7E4C3A9C}
		{6D47C158-751A-4A1D-9269-E901E41EA71C} = {3ED6D6F6-08F5-47DF-9EBB-CA1A7E4C3A9C}
		{56FF6ACD-942E-4025-AF03-C5F2139F9D9F} = {10DA19ED-9CB3-4114-A46B-3C7CA6C74D6C}
		{1548C627-671D-4543-95F7-94BF112AD8DC} = {10DA19ED-9CB3-4114-A46B-3C7CA6C74D6C}
		{930F0E5D-50D3-4634-B21C-2D49ACA779DF} = {10DA19ED-9CB3-4114-A46B-3C7CA6C74D6C}
		{07138B1B-958A-4557-AAA5-074E60A5EE74} = {2F85EA21-D43D-4197-9A32-786A1A24140B}
		{688F090C-9D4D-4AF6-AF8C-B73415E75C6B} = {2F85EA21-D43D-4197-9A32-786A1A24140B}
		{A51F8FCB-934B-4AF1-9368-6C19E2424845} = {2F85EA21-D43D-4197-9A32-786A1A24140B}
		{C53505B2-9C63-4EC3-80D0-650949BCFBD3} = {D06AD971-6DB5-421D-850F-DB9912566E6F}
		{82C64FDD-B919-41B4-8EBD-F5536D88F3F2} = {D06AD971-6DB5-421D-850F-DB9912566E6F}
		{D3BF540F-D590-4D9E-B97D-1510818C5D1C} = {D06AD971-6DB5-421D-850F-DB9912566E6F}
		{1C94AC6A-6ED3-4A88-AA0E-77D15CAA94F8} = {E8FB3DE4-C296-492A-A933-5BE95908F50F}
		{AE74AAAE-34F9-4353-B502-200DDFCBE7CB} = {E8FB3DE4-C296-492A-A933-5BE95908F50F}
		{D8F5AD3A-74A4-4824-925B-31079CC01EFE} = {E8FB3DE4-C296-492A-A933-5BE95908F50F}
	EndGlobalSection
	GlobalSection(ExtensibilityGlobals) = postSolution
		SolutionGuid = {76799B41-279C-4A28-8985-24D91D2DAC22}
	EndGlobalSection
EndGlobal
